// !$*UTF8*$!
{
	archiveVersion = 1;
	classes = {
	};
	objectVersion = 48;
	objects = {

/* Begin PBXBuildFile section */
		8ED0F4AA95DA5F18B66D413A /* Pods_taskapp.framework in Frameworks */ = {isa = PBXBuildFile; fileRef = 355CF2638B3FD39F7EE6567A /* Pods_taskapp.framework */; };
		EA1AAEE5201DBD5E005878CC /* AppDelegate.swift in Sources */ = {isa = PBXBuildFile; fileRef = EA1AAEE4201DBD5E005878CC /* AppDelegate.swift */; };
		EA1AAEE7201DBD5E005878CC /* ViewController.swift in Sources */ = {isa = PBXBuildFile; fileRef = EA1AAEE6201DBD5E005878CC /* ViewController.swift */; };
		EA1AAEEA201DBD5E005878CC /* Main.storyboard in Resources */ = {isa = PBXBuildFile; fileRef = EA1AAEE8201DBD5E005878CC /* Main.storyboard */; };
		EA1AAEEC201DBD5E005878CC /* Assets.xcassets in Resources */ = {isa = PBXBuildFile; fileRef = EA1AAEEB201DBD5E005878CC /* Assets.xcassets */; };
		EA1AAEEF201DBD5E005878CC /* LaunchScreen.storyboard in Resources */ = {isa = PBXBuildFile; fileRef = EA1AAEED201DBD5E005878CC /* LaunchScreen.storyboard */; };
		EA1AAEF9201DC8D5005878CC /* InputViewController.swift in Sources */ = {isa = PBXBuildFile; fileRef = EA1AAEF8201DC8D5005878CC /* InputViewController.swift */; };
		EA6691C2201DD93400AA72FB /* Task.swift in Sources */ = {isa = PBXBuildFile; fileRef = EA6691C1201DD93400AA72FB /* Task.swift */; };
		EA8C39FD2020B51B00F24879 /* Category.swift in Sources */ = {isa = PBXBuildFile; fileRef = EA8C39FC2020B51B00F24879 /* Category.swift */; };
		EA8C39FF2020B8F400F24879 /* CategoryViewController.swift in Sources */ = {isa = PBXBuildFile; fileRef = EA8C39FE2020B8F400F24879 /* CategoryViewController.swift */; };
/* End PBXBuildFile section */

/* Begin PBXFileReference section */
		355CF2638B3FD39F7EE6567A /* Pods_taskapp.framework */ = {isa = PBXFileReference; explicitFileType = wrapper.framework; includeInIndex = 0; path = Pods_taskapp.framework; sourceTree = BUILT_PRODUCTS_DIR; };
		CD7B87EF4488883A6AA9FB95 /* Pods-taskapp.debug.xcconfig */ = {isa = PBXFileReference; includeInIndex = 1; lastKnownFileType = text.xcconfig; name = "Pods-taskapp.debug.xcconfig"; path = "Pods/Target Support Files/Pods-taskapp/Pods-taskapp.debug.xcconfig"; sourceTree = "<group>"; };
		E6695E8B3C99DD39ABC28D31 /* Pods-taskapp.release.xcconfig */ = {isa = PBXFileReference; includeInIndex = 1; lastKnownFileType = text.xcconfig; name = "Pods-taskapp.release.xcconfig"; path = "Pods/Target Support Files/Pods-taskapp/Pods-taskapp.release.xcconfig"; sourceTree = "<group>"; };
		EA1AAEE1201DBD5E005878CC /* taskapp.app */ = {isa = PBXFileReference; explicitFileType = wrapper.application; includeInIndex = 0; path = taskapp.app; sourceTree = BUILT_PRODUCTS_DIR; };
		EA1AAEE4201DBD5E005878CC /* AppDelegate.swift */ = {isa = PBXFileReference; lastKnownFileType = sourcecode.swift; path = AppDelegate.swift; sourceTree = "<group>"; };
		EA1AAEE6201DBD5E005878CC /* ViewController.swift */ = {isa = PBXFileReference; lastKnownFileType = sourcecode.swift; path = ViewController.swift; sourceTree = "<group>"; };
		EA1AAEE9201DBD5E005878CC /* Base */ = {isa = PBXFileReference; lastKnownFileType = file.storyboard; name = Base; path = Base.lproj/Main.storyboard; sourceTree = "<group>"; };
		EA1AAEEB201DBD5E005878CC /* Assets.xcassets */ = {isa = PBXFileReference; lastKnownFileType = folder.assetcatalog; path = Assets.xcassets; sourceTree = "<group>"; };
		EA1AAEEE201DBD5E005878CC /* Base */ = {isa = PBXFileReference; lastKnownFileType = file.storyboard; name = Base; path = Base.lproj/LaunchScreen.storyboard; sourceTree = "<group>"; };
		EA1AAEF0201DBD5E005878CC /* Info.plist */ = {isa = PBXFileReference; lastKnownFileType = text.plist.xml; path = Info.plist; sourceTree = "<group>"; };
		EA1AAEF8201DC8D5005878CC /* InputViewController.swift */ = {isa = PBXFileReference; lastKnownFileType = sourcecode.swift; path = InputViewController.swift; sourceTree = "<group>"; };
		EA6691C1201DD93400AA72FB /* Task.swift */ = {isa = PBXFileReference; lastKnownFileType = sourcecode.swift; path = Task.swift; sourceTree = "<group>"; };
		EA8C39FC2020B51B00F24879 /* Category.swift */ = {isa = PBXFileReference; lastKnownFileType = sourcecode.swift; path = Category.swift; sourceTree = "<group>"; };
		EA8C39FE2020B8F400F24879 /* CategoryViewController.swift */ = {isa = PBXFileReference; lastKnownFileType = sourcecode.swift; path = CategoryViewController.swift; sourceTree = "<group>"; };
/* End PBXFileReference section */

/* Begin PBXFrameworksBuildPhase section */
		EA1AAEDE201DBD5E005878CC /* Frameworks */ = {
			isa = PBXFrameworksBuildPhase;
			buildActionMask = 2147483647;
			files = (
				8ED0F4AA95DA5F18B66D413A /* Pods_taskapp.framework in Frameworks */,
			);
			runOnlyForDeploymentPostprocessing = 0;
		};
/* End PBXFrameworksBuildPhase section */

/* Begin PBXGroup section */
		3AF040DFA74A800D29A1B1E9 /* Pods */ = {
			isa = PBXGroup;
			children = (
				CD7B87EF4488883A6AA9FB95 /* Pods-taskapp.debug.xcconfig */,
				E6695E8B3C99DD39ABC28D31 /* Pods-taskapp.release.xcconfig */,
			);
			name = Pods;
			sourceTree = "<group>";
		};
		8452AF8B939C864361936C91 /* Frameworks */ = {
			isa = PBXGroup;
			children = (
				355CF2638B3FD39F7EE6567A /* Pods_taskapp.framework */,
			);
			name = Frameworks;
			sourceTree = "<group>";
		};
		EA1AAED8201DBD5E005878CC = {
			isa = PBXGroup;
			children = (
				EA1AAEE3201DBD5E005878CC /* taskapp */,
				EA1AAEE2201DBD5E005878CC /* Products */,
				3AF040DFA74A800D29A1B1E9 /* Pods */,
				8452AF8B939C864361936C91 /* Frameworks */,
			);
			sourceTree = "<group>";
		};
		EA1AAEE2201DBD5E005878CC /* Products */ = {
			isa = PBXGroup;
			children = (
				EA1AAEE1201DBD5E005878CC /* taskapp.app */,
			);
			name = Products;
			sourceTree = "<group>";
		};
		EA1AAEE3201DBD5E005878CC /* taskapp */ = {
			isa = PBXGroup;
			children = (
				EA1AAEE4201DBD5E005878CC /* AppDelegate.swift */,
				EA1AAEE6201DBD5E005878CC /* ViewController.swift */,
				EA1AAEE8201DBD5E005878CC /* Main.storyboard */,
				EA1AAEEB201DBD5E005878CC /* Assets.xcassets */,
				EA1AAEED201DBD5E005878CC /* LaunchScreen.storyboard */,
				EA1AAEF0201DBD5E005878CC /* Info.plist */,
				EA1AAEF8201DC8D5005878CC /* InputViewController.swift */,
				EA6691C1201DD93400AA72FB /* Task.swift */,
				EA8C39FC2020B51B00F24879 /* Category.swift */,
				EA8C39FE2020B8F400F24879 /* CategoryViewController.swift */,
			);
			path = taskapp;
			sourceTree = "<group>";
		};
/* End PBXGroup section */

/* Begin PBXNativeTarget section */
		EA1AAEE0201DBD5E005878CC /* taskapp */ = {
			isa = PBXNativeTarget;
			buildConfigurationList = EA1AAEF3201DBD5F005878CC /* Build configuration list for PBXNativeTarget "taskapp" */;
			buildPhases = (
				247EFA78CB70148EF6281E84 /* [CP] Check Pods Manifest.lock */,
				EA1AAEDD201DBD5E005878CC /* Sources */,
				EA1AAEDE201DBD5E005878CC /* Frameworks */,
				EA1AAEDF201DBD5E005878CC /* Resources */,
				124ECE95E84D75E75FFA0769 /* [CP] Embed Pods Frameworks */,
				60499776DC71E134C63B3094 /* [CP] Copy Pods Resources */,
			);
			buildRules = (
			);
			dependencies = (
			);
			name = taskapp;
			productName = taskapp;
			productReference = EA1AAEE1201DBD5E005878CC /* taskapp.app */;
			productType = "com.apple.product-type.application";
		};
/* End PBXNativeTarget section */

/* Begin PBXProject section */
		EA1AAED9201DBD5E005878CC /* Project object */ = {
			isa = PBXProject;
			attributes = {
				LastSwiftUpdateCheck = 0920;
				LastUpgradeCheck = 0920;
				ORGANIZATIONNAME = "Fumitaka Hijino";
				TargetAttributes = {
					EA1AAEE0201DBD5E005878CC = {
						CreatedOnToolsVersion = 9.2;
						ProvisioningStyle = Automatic;
					};
				};
			};
			buildConfigurationList = EA1AAEDC201DBD5E005878CC /* Build configuration list for PBXProject "taskapp" */;
			compatibilityVersion = "Xcode 8.0";
			developmentRegion = en;
			hasScannedForEncodings = 0;
			knownRegions = (
				en,
				Base,
			);
			mainGroup = EA1AAED8201DBD5E005878CC;
			productRefGroup = EA1AAEE2201DBD5E005878CC /* Products */;
			projectDirPath = "";
			projectRoot = "";
			targets = (
				EA1AAEE0201DBD5E005878CC /* taskapp */,
			);
		};
/* End PBXProject section */

/* Begin PBXResourcesBuildPhase section */
		EA1AAEDF201DBD5E005878CC /* Resources */ = {
			isa = PBXResourcesBuildPhase;
			buildActionMask = 2147483647;
			files = (
				EA1AAEEF201DBD5E005878CC /* LaunchScreen.storyboard in Resources */,
				EA1AAEEC201DBD5E005878CC /* Assets.xcassets in Resources */,
				EA1AAEEA201DBD5E005878CC /* Main.storyboard in Resources */,
			);
			runOnlyForDeploymentPostprocessing = 0;
		};
/* End PBXResourcesBuildPhase section */

/* Begin PBXShellScriptBuildPhase section */
		124ECE95E84D75E75FFA0769 /* [CP] Embed Pods Frameworks */ = {
			isa = PBXShellScriptBuildPhase;
			buildActionMask = 2147483647;
			files = (
			);
			inputPaths = (
				"${SRCROOT}/Pods/Target Support Files/Pods-taskapp/Pods-taskapp-frameworks.sh",
				"${BUILT_PRODUCTS_DIR}/Realm/Realm.framework",
				"${BUILT_PRODUCTS_DIR}/RealmSwift/RealmSwift.framework",
			);
			name = "[CP] Embed Pods Frameworks";
			outputPaths = (
				"${TARGET_BUILD_DIR}/${FRAMEWORKS_FOLDER_PATH}/Realm.framework",
				"${TARGET_BUILD_DIR}/${FRAMEWORKS_FOLDER_PATH}/RealmSwift.framework",
			);
			runOnlyForDeploymentPostprocessing = 0;
			shellPath = /bin/sh;
			shellScript = "\"${SRCROOT}/Pods/Target Support Files/Pods-taskapp/Pods-taskapp-frameworks.sh\"\n";
			showEnvVarsInLog = 0;
		};
		247EFA78CB70148EF6281E84 /* [CP] Check Pods Manifest.lock */ = {
			isa = PBXShellScriptBuildPhase;
			buildActionMask = 2147483647;
			files = (
			);
			inputPaths = (
				"${PODS_PODFILE_DIR_PATH}/Podfile.lock",
				"${PODS_ROOT}/Manifest.lock",
			);
			name = "[CP] Check Pods Manifest.lock";
			outputPaths = (
				"$(DERIVED_FILE_DIR)/Pods-taskapp-checkManifestLockResult.txt",
			);
			runOnlyForDeploymentPostprocessing = 0;
			shellPath = /bin/sh;
			shellScript = "diff \"${PODS_PODFILE_DIR_PATH}/Podfile.lock\" \"${PODS_ROOT}/Manifest.lock\" > /dev/null\nif [ $? != 0 ] ; then\n    # print error to STDERR\n    echo \"error: The sandbox is not in sync with the Podfile.lock. Run 'pod install' or update your CocoaPods installation.\" >&2\n    exit 1\nfi\n# This output is used by Xcode 'outputs' to avoid re-running this script phase.\necho \"SUCCESS\" > \"${SCRIPT_OUTPUT_FILE_0}\"\n";
			showEnvVarsInLog = 0;
		};
		60499776DC71E134C63B3094 /* [CP] Copy Pods Resources */ = {
			isa = PBXShellScriptBuildPhase;
			buildActionMask = 2147483647;
			files = (
			);
			inputPaths = (
			);
			name = "[CP] Copy Pods Resources";
			outputPaths = (
			);
			runOnlyForDeploymentPostprocessing = 0;
			shellPath = /bin/sh;
			shellScript = "\"${SRCROOT}/Pods/Target Support Files/Pods-taskapp/Pods-taskapp-resources.sh\"\n";
			showEnvVarsInLog = 0;
		};
/* End PBXShellScriptBuildPhase section */

/* Begin PBXSourcesBuildPhase section */
		EA1AAEDD201DBD5E005878CC /* Sources */ = {
			isa = PBXSourcesBuildPhase;
			buildActionMask = 2147483647;
			files = (
				EA6691C2201DD93400AA72FB /* Task.swift in Sources */,
				EA8C39FD2020B51B00F24879 /* Category.swift in Sources */,
				EA1AAEF9201DC8D5005878CC /* InputViewController.swift in Sources */,
				EA1AAEE7201DBD5E005878CC /* ViewController.swift in Sources */,
				EA8C39FF2020B8F400F24879 /* CategoryViewController.swift in Sources */,
				EA1AAEE5201DBD5E005878CC /* AppDelegate.swift in Sources */,
			);
			runOnlyForDeploymentPostprocessing = 0;
		};
/* End PBXSourcesBuildPhase section */

/* Begin PBXVariantGroup section */
		EA1AAEE8201DBD5E005878CC /* Main.storyboard */ = {
			isa = PBXVariantGroup;
			children = (
				EA1AAEE9201DBD5E005878CC /* Base */,
			);
			name = Main.storyboard;
			sourceTree = "<group>";
		};
		EA1AAEED201DBD5E005878CC /* LaunchScreen.storyboard */ = {
			isa = PBXVariantGroup;
			children = (
				EA1AAEEE201DBD5E005878CC /* Base */,
			);
			name = LaunchScreen.storyboard;
			sourceTree = "<group>";
		};
/* End PBXVariantGroup section */

/* Begin XCBuildConfiguration section */
		EA1AAEF1201DBD5E005878CC /* Debug */ = {
			isa = XCBuildConfiguration;
			buildSettings = {
				ALWAYS_SEARCH_USER_PATHS = NO;
				CLANG_ANALYZER_NONNULL = YES;
				CLANG_ANALYZER_NUMBER_OBJECT_CONVERSION = YES_AGGRESSIVE;
				CLANG_CXX_LANGUAGE_STANDARD = "gnu++14";
				CLANG_CXX_LIBRARY = "libc++";
				CLANG_ENABLE_MODULES = YES;
				CLANG_ENABLE_OBJC_ARC = YES;
				CLANG_WARN_BLOCK_CAPTURE_AUTORELEASING = YES;
				CLANG_WARN_BOOL_CONVERSION = YES;
				CLANG_WARN_COMMA = YES;
				CLANG_WARN_CONSTANT_CONVERSION = YES;
				CLANG_WARN_DIRECT_OBJC_ISA_USAGE = YES_ERROR;
				CLANG_WARN_DOCUMENTATION_COMMENTS = YES;
				CLANG_WARN_EMPTY_BODY = YES;
				CLANG_WARN_ENUM_CONVERSION = YES;
				CLANG_WARN_INFINITE_RECURSION = YES;
				CLANG_WARN_INT_CONVERSION = YES;
				CLANG_WARN_NON_LITERAL_NULL_CONVERSION = YES;
				CLANG_WARN_OBJC_LITERAL_CONVERSION = YES;
				CLANG_WARN_OBJC_ROOT_CLASS = YES_ERROR;
				CLANG_WARN_RANGE_LOOP_ANALYSIS = YES;
				CLANG_WARN_STRICT_PROTOTYPES = YES;
				CLANG_WARN_SUSPICIOUS_MOVE = YES;
				CLANG_WARN_UNGUARDED_AVAILABILITY = YES_AGGRESSIVE;
				CLANG_WARN_UNREACHABLE_CODE = YES;
				CLANG_WARN__DUPLICATE_METHOD_MATCH = YES;
				CODE_SIGN_IDENTITY = "iPhone Developer";
				COPY_PHASE_STRIP = NO;
				DEBUG_INFORMATION_FORMAT = dwarf;
				ENABLE_STRICT_OBJC_MSGSEND = YES;
				ENABLE_TESTABILITY = YES;
				GCC_C_LANGUAGE_STANDARD = gnu11;
				GCC_DYNAMIC_NO_PIC = NO;
				GCC_NO_COMMON_BLOCKS = YES;
				GCC_OPTIMIZATION_LEVEL = 0;
				GCC_PREPROCESSOR_DEFINITIONS = (
					"DEBUG=1",
					"$(inherited)",
				);
				GCC_WARN_64_TO_32_BIT_CONVERSION = YES;
				GCC_WARN_ABOUT_RETURN_TYPE = YES_ERROR;
				GCC_WARN_UNDECLARED_SELECTOR = YES;
				GCC_WARN_UNINITIALIZED_AUTOS = YES_AGGRESSIVE;
				GCC_WARN_UNUSED_FUNCTION = YES;
				GCC_WARN_UNUSED_VARIABLE = YES;
				IPHONEOS_DEPLOYMENT_TARGET = 11.2;
				MTL_ENABLE_DEBUG_INFO = YES;
				ONLY_ACTIVE_ARCH = YES;
				SDKROOT = iphoneos;
				SWIFT_ACTIVE_COMPILATION_CONDITIONS = DEBUG;
				SWIFT_OPTIMIZATION_LEVEL = "-Onone";
			};
			name = Debug;
		};
		EA1AAEF2201DBD5E005878CC /* Release */ = {
			isa = XCBuildConfiguration;
			buildSettings = {
				ALWAYS_SEARCH_USER_PATHS = NO;
				CLANG_ANALYZER_NONNULL = YES;
				CLANG_ANALYZER_NUMBER_OBJECT_CONVERSION = YES_AGGRESSIVE;
				CLANG_CXX_LANGUAGE_STANDARD = "gnu++14";
				CLANG_CXX_LIBRARY = "libc++";
				CLANG_ENABLE_MODULES = YES;
				CLANG_ENABLE_OBJC_ARC = YES;
				CLANG_WARN_BLOCK_CAPTURE_AUTORELEASING = YES;
				CLANG_WARN_BOOL_CONVERSION = YES;
				CLANG_WARN_COMMA = YES;
				CLANG_WARN_CONSTANT_CONVERSION = YES;
				CLANG_WARN_DIRECT_OBJC_ISA_USAGE = YES_ERROR;
				CLANG_WARN_DOCUMENTATION_COMMENTS = YES;
				CLANG_WARN_EMPTY_BODY = YES;
				CLANG_WARN_ENUM_CONVERSION = YES;
				CLANG_WARN_INFINITE_RECURSION = YES;
				CLANG_WARN_INT_CONVERSION = YES;
				CLANG_WARN_NON_LITERAL_NULL_CONVERSION = YES;
				CLANG_WARN_OBJC_LITERAL_CONVERSION = YES;
				CLANG_WARN_OBJC_ROOT_CLASS = YES_ERROR;
				CLANG_WARN_RANGE_LOOP_ANALYSIS = YES;
				CLANG_WARN_STRICT_PROTOTYPES = YES;
				CLANG_WARN_SUSPICIOUS_MOVE = YES;
				CLANG_WARN_UNGUARDED_AVAILABILITY = YES_AGGRESSIVE;
				CLANG_WARN_UNREACHABLE_CODE = YES;
				CLANG_WARN__DUPLICATE_METHOD_MATCH = YES;
				CODE_SIGN_IDENTITY = "iPhone Developer";
				COPY_PHASE_STRIP = NO;
				DEBUG_INFORMATION_FORMAT = "dwarf-with-dsym";
				ENABLE_NS_ASSERTIONS = NO;
				ENABLE_STRICT_OBJC_MSGSEND = YES;
				GCC_C_LANGUAGE_STANDARD = gnu11;
				GCC_NO_COMMON_BLOCKS = YES;
				GCC_WARN_64_TO_32_BIT_CONVERSION = YES;
				GCC_WARN_ABOUT_RETURN_TYPE = YES_ERROR;
				GCC_WARN_UNDECLARED_SELECTOR = YES;
				GCC_WARN_UNINITIALIZED_AUTOS = YES_AGGRESSIVE;
				GCC_WARN_UNUSED_FUNCTION = YES;
				GCC_WARN_UNUSED_VARIABLE = YES;
				IPHONEOS_DEPLOYMENT_TARGET = 11.2;
				MTL_ENABLE_DEBUG_INFO = NO;
				SDKROOT = iphoneos;
				SWIFT_OPTIMIZATION_LEVEL = "-Owholemodule";
				VALIDATE_PRODUCT = YES;
			};
			name = Release;
		};
		EA1AAEF4201DBD5F005878CC /* Debug */ = {
			isa = XCBuildConfiguration;
			baseConfigurationReference = CD7B87EF4488883A6AA9FB95 /* Pods-taskapp.debug.xcconfig */;
			buildSettings = {
				ASSETCATALOG_COMPILER_APPICON_NAME = AppIcon;
				CODE_SIGN_STYLE = Automatic;
				DEVELOPMENT_TEAM = 9W2NYYR9EJ;
				INFOPLIST_FILE = taskapp/Info.plist;
				LD_RUNPATH_SEARCH_PATHS = "$(inherited) @executable_path/Frameworks";
				PRODUCT_BUNDLE_IDENTIFIER = jp.techacademy.fumitaka.hijino.taskapp;
				PRODUCT_NAME = "$(TARGET_NAME)";
				SWIFT_VERSION = 4.0;
				TARGETED_DEVICE_FAMILY = 1;
			};
			name = Debug;
		};
		EA1AAEF5201DBD5F005878CC /* Release */ = {
			isa = XCBuildConfiguration;
			baseConfigurationReference = E6695E8B3C99DD39ABC28D31 /* Pods-taskapp.release.xcconfig */;
			buildSettings = {
				ASSETCATALOG_COMPILER_APPICON_NAME = AppIcon;
				CODE_SIGN_STYLE = Automatic;
				DEVELOPMENT_TEAM = 9W2NYYR9EJ;
				INFOPLIST_FILE = taskapp/Info.plist;
				LD_RUNPATH_SEARCH_PATHS = "$(inherited) @executable_path/Frameworks";
				PRODUCT_BUNDLE_IDENTIFIER = jp.techacademy.fumitaka.hijino.taskapp;
				PRODUCT_NAME = "$(TARGET_NAME)";
				SWIFT_VERSION = 4.0;
				TARGETED_DEVICE_FAMILY = 1;
			};
			name = Release;
		};
/* End XCBuildConfiguration section */

/* Begin XCConfigurationList section */
		EA1AAEDC201DBD5E005878CC /* Build configuration list for PBXProject "taskapp" */ = {
			isa = XCConfigurationList;
			buildConfigurations = (
				EA1AAEF1201DBD5E005878CC /* Debug */,
				EA1AAEF2201DBD5E005878CC /* Release */,
			);
			defaultConfigurationIsVisible = 0;
			defaultConfigurationName = Release;
		};
		EA1AAEF3201DBD5F005878CC /* Build configuration list for PBXNativeTarget "taskapp" */ = {
			isa = XCConfigurationList;
			buildConfigurations = (
				EA1AAEF4201DBD5F005878CC /* Debug */,
				EA1AAEF5201DBD5F005878CC /* Release */,
			);
			defaultConfigurationIsVisible = 0;
			defaultConfigurationName = Release;
		};
/* End XCConfigurationList section */
	};
	rootObject = EA1AAED9201DBD5E005878CC /* Project object */;
}
